// !$*UTF8*$!
{
	archiveVersion = 1;
	classes = {
	};
	objectVersion = 56;
	objects = {

/* Begin PBXBuildFile section */
		B16E8B022951EA580092B53C /* SnowSeekerApp.swift in Sources */ = {isa = PBXBuildFile; fileRef = B16E8B012951EA580092B53C /* SnowSeekerApp.swift */; };
		B16E8B042951EA580092B53C /* MainView.swift in Sources */ = {isa = PBXBuildFile; fileRef = B16E8B032951EA580092B53C /* MainView.swift */; };
		B16E8B062951EA590092B53C /* Assets.xcassets in Resources */ = {isa = PBXBuildFile; fileRef = B16E8B052951EA590092B53C /* Assets.xcassets */; };
		B16E8B092951EA590092B53C /* Preview Assets.xcassets in Resources */ = {isa = PBXBuildFile; fileRef = B16E8B082951EA590092B53C /* Preview Assets.xcassets */; };
		B16E8B102951EB590092B53C /* resorts.json in Resources */ = {isa = PBXBuildFile; fileRef = B16E8B0F2951EB590092B53C /* resorts.json */; };
		B16E8B162951EBD10092B53C /* Resort.swift in Sources */ = {isa = PBXBuildFile; fileRef = B16E8B152951EBD10092B53C /* Resort.swift */; };
		B16E8B192951ECB50092B53C /* Bundle-Decodable.swift in Sources */ = {isa = PBXBuildFile; fileRef = B16E8B182951ECB50092B53C /* Bundle-Decodable.swift */; };
		B16E8B1B2951F9910092B53C /* WelcomeView.swift in Sources */ = {isa = PBXBuildFile; fileRef = B16E8B1A2951F9910092B53C /* WelcomeView.swift */; };
		B16E8B202951FD900092B53C /* ResortView.swift in Sources */ = {isa = PBXBuildFile; fileRef = B16E8B1F2951FD900092B53C /* ResortView.swift */; };
		B186301529576242000CF89F /* SkiDetailsView.swift in Sources */ = {isa = PBXBuildFile; fileRef = B186301429576242000CF89F /* SkiDetailsView.swift */; };
		B186301729576319000CF89F /* ResortDetailsView.swift in Sources */ = {isa = PBXBuildFile; fileRef = B186301629576319000CF89F /* ResortDetailsView.swift */; };
		B186301B295765BF000CF89F /* View+Extension.swift in Sources */ = {isa = PBXBuildFile; fileRef = B186301A295765BF000CF89F /* View+Extension.swift */; };
		B186301E29576A41000CF89F /* Favorites.swift in Sources */ = {isa = PBXBuildFile; fileRef = B186301D29576A41000CF89F /* Favorites.swift */; };
/* End PBXBuildFile section */

/* Begin PBXFileReference section */
		B16E8AFE2951EA580092B53C /* SnowSeeker.app */ = {isa = PBXFileReference; explicitFileType = wrapper.application; includeInIndex = 0; path = SnowSeeker.app; sourceTree = BUILT_PRODUCTS_DIR; };
		B16E8B012951EA580092B53C /* SnowSeekerApp.swift */ = {isa = PBXFileReference; lastKnownFileType = sourcecode.swift; path = SnowSeekerApp.swift; sourceTree = "<group>"; };
		B16E8B032951EA580092B53C /* MainView.swift */ = {isa = PBXFileReference; lastKnownFileType = sourcecode.swift; path = MainView.swift; sourceTree = "<group>"; };
		B16E8B052951EA590092B53C /* Assets.xcassets */ = {isa = PBXFileReference; lastKnownFileType = folder.assetcatalog; path = Assets.xcassets; sourceTree = "<group>"; };
		B16E8B082951EA590092B53C /* Preview Assets.xcassets */ = {isa = PBXFileReference; lastKnownFileType = folder.assetcatalog; path = "Preview Assets.xcassets"; sourceTree = "<group>"; };
		B16E8B0F2951EB590092B53C /* resorts.json */ = {isa = PBXFileReference; fileEncoding = 4; lastKnownFileType = text.json; path = resorts.json; sourceTree = "<group>"; };
		B16E8B152951EBD10092B53C /* Resort.swift */ = {isa = PBXFileReference; lastKnownFileType = sourcecode.swift; path = Resort.swift; sourceTree = "<group>"; };
		B16E8B182951ECB50092B53C /* Bundle-Decodable.swift */ = {isa = PBXFileReference; lastKnownFileType = sourcecode.swift; path = "Bundle-Decodable.swift"; sourceTree = "<group>"; };
		B16E8B1A2951F9910092B53C /* WelcomeView.swift */ = {isa = PBXFileReference; lastKnownFileType = sourcecode.swift; path = WelcomeView.swift; sourceTree = "<group>"; };
		B16E8B1F2951FD900092B53C /* ResortView.swift */ = {isa = PBXFileReference; lastKnownFileType = sourcecode.swift; path = ResortView.swift; sourceTree = "<group>"; };
		B186301429576242000CF89F /* SkiDetailsView.swift */ = {isa = PBXFileReference; lastKnownFileType = sourcecode.swift; path = SkiDetailsView.swift; sourceTree = "<group>"; };
		B186301629576319000CF89F /* ResortDetailsView.swift */ = {isa = PBXFileReference; lastKnownFileType = sourcecode.swift; path = ResortDetailsView.swift; sourceTree = "<group>"; };
		B186301A295765BF000CF89F /* View+Extension.swift */ = {isa = PBXFileReference; lastKnownFileType = sourcecode.swift; path = "View+Extension.swift"; sourceTree = "<group>"; };
		B186301D29576A41000CF89F /* Favorites.swift */ = {isa = PBXFileReference; lastKnownFileType = sourcecode.swift; path = Favorites.swift; sourceTree = "<group>"; };
/* End PBXFileReference section */

/* Begin PBXFrameworksBuildPhase section */
		B16E8AFB2951EA580092B53C /* Frameworks */ = {
			isa = PBXFrameworksBuildPhase;
			buildActionMask = 2147483647;
			files = (
			);
			runOnlyForDeploymentPostprocessing = 0;
		};
/* End PBXFrameworksBuildPhase section */

/* Begin PBXGroup section */
		B16E8AF52951EA580092B53C = {
			isa = PBXGroup;
			children = (
				B16E8B002951EA580092B53C /* SnowSeeker */,
				B16E8AFF2951EA580092B53C /* Products */,
			);
			sourceTree = "<group>";
		};
		B16E8AFF2951EA580092B53C /* Products */ = {
			isa = PBXGroup;
			children = (
				B16E8AFE2951EA580092B53C /* SnowSeeker.app */,
			);
			name = Products;
			sourceTree = "<group>";
		};
		B16E8B002951EA580092B53C /* SnowSeeker */ = {
			isa = PBXGroup;
			children = (
				B16E8B132951EB930092B53C /* App */,
				B16E8B142951EB990092B53C /* Resources */,
				B1863019295765AA000CF89F /* Extensions */,
				B186301C29576A29000CF89F /* Helpers */,
				B16E8B172951EC9C0092B53C /* JSON */,
				B16E8B112951EB870092B53C /* Model */,
				B1863018295764AF000CF89F /* CustomViews */,
				B16E8B122951EB8C0092B53C /* Scenes */,
				B16E8B072951EA590092B53C /* Preview Content */,
			);
			path = SnowSeeker;
			sourceTree = "<group>";
		};
		B16E8B072951EA590092B53C /* Preview Content */ = {
			isa = PBXGroup;
			children = (
				B16E8B082951EA590092B53C /* Preview Assets.xcassets */,
			);
			path = "Preview Content";
			sourceTree = "<group>";
		};
		B16E8B112951EB870092B53C /* Model */ = {
			isa = PBXGroup;
			children = (
				B16E8B152951EBD10092B53C /* Resort.swift */,
			);
			path = Model;
			sourceTree = "<group>";
		};
		B16E8B122951EB8C0092B53C /* Scenes */ = {
			isa = PBXGroup;
			children = (
				B16E8B1D2951FAF00092B53C /* Main */,
				B16E8B1E2951FD870092B53C /* ResortView */,
			);
			path = Scenes;
			sourceTree = "<group>";
		};
		B16E8B132951EB930092B53C /* App */ = {
			isa = PBXGroup;
			children = (
				B16E8B012951EA580092B53C /* SnowSeekerApp.swift */,
			);
			path = App;
			sourceTree = "<group>";
		};
		B16E8B142951EB990092B53C /* Resources */ = {
			isa = PBXGroup;
			children = (
				B16E8B052951EA590092B53C /* Assets.xcassets */,
			);
			path = Resources;
			sourceTree = "<group>";
		};
		B16E8B172951EC9C0092B53C /* JSON */ = {
			isa = PBXGroup;
			children = (
				B16E8B0F2951EB590092B53C /* resorts.json */,
				B16E8B182951ECB50092B53C /* Bundle-Decodable.swift */,
			);
			path = JSON;
			sourceTree = "<group>";
		};
		B16E8B1D2951FAF00092B53C /* Main */ = {
			isa = PBXGroup;
			children = (
				B16E8B032951EA580092B53C /* MainView.swift */,
			);
			path = Main;
			sourceTree = "<group>";
		};
		B16E8B1E2951FD870092B53C /* ResortView */ = {
			isa = PBXGroup;
			children = (
				B16E8B1F2951FD900092B53C /* ResortView.swift */,
			);
			path = ResortView;
			sourceTree = "<group>";
		};
		B1863018295764AF000CF89F /* CustomViews */ = {
			isa = PBXGroup;
			children = (
				B186301429576242000CF89F /* SkiDetailsView.swift */,
				B186301629576319000CF89F /* ResortDetailsView.swift */,
				B16E8B1A2951F9910092B53C /* WelcomeView.swift */,
			);
			path = CustomViews;
			sourceTree = "<group>";
		};
		B1863019295765AA000CF89F /* Extensions */ = {
			isa = PBXGroup;
			children = (
				B186301A295765BF000CF89F /* View+Extension.swift */,
			);
			path = Extensions;
			sourceTree = "<group>";
		};
		B186301C29576A29000CF89F /* Helpers */ = {
			isa = PBXGroup;
			children = (
				B186301D29576A41000CF89F /* Favorites.swift */,
			);
			path = Helpers;
			sourceTree = "<group>";
		};
/* End PBXGroup section */

/* Begin PBXNativeTarget section */
		B16E8AFD2951EA580092B53C /* SnowSeeker */ = {
			isa = PBXNativeTarget;
			buildConfigurationList = B16E8B0C2951EA590092B53C /* Build configuration list for PBXNativeTarget "SnowSeeker" */;
			buildPhases = (
				B16E8AFA2951EA580092B53C /* Sources */,
				B16E8AFB2951EA580092B53C /* Frameworks */,
				B16E8AFC2951EA580092B53C /* Resources */,
			);
			buildRules = (
			);
			dependencies = (
			);
			name = SnowSeeker;
			productName = SnowSeeker;
			productReference = B16E8AFE2951EA580092B53C /* SnowSeeker.app */;
			productType = "com.apple.product-type.application";
		};
/* End PBXNativeTarget section */

/* Begin PBXProject section */
		B16E8AF62951EA580092B53C /* Project object */ = {
			isa = PBXProject;
			attributes = {
				BuildIndependentTargetsInParallel = 1;
				LastSwiftUpdateCheck = 1420;
				LastUpgradeCheck = 1420;
				TargetAttributes = {
					B16E8AFD2951EA580092B53C = {
						CreatedOnToolsVersion = 14.2;
					};
				};
			};
			buildConfigurationList = B16E8AF92951EA580092B53C /* Build configuration list for PBXProject "SnowSeeker" */;
			compatibilityVersion = "Xcode 14.0";
			developmentRegion = en;
			hasScannedForEncodings = 0;
			knownRegions = (
				en,
				Base,
			);
			mainGroup = B16E8AF52951EA580092B53C;
			productRefGroup = B16E8AFF2951EA580092B53C /* Products */;
			projectDirPath = "";
			projectRoot = "";
			targets = (
				B16E8AFD2951EA580092B53C /* SnowSeeker */,
			);
		};
/* End PBXProject section */

/* Begin PBXResourcesBuildPhase section */
		B16E8AFC2951EA580092B53C /* Resources */ = {
			isa = PBXResourcesBuildPhase;
			buildActionMask = 2147483647;
			files = (
				B16E8B102951EB590092B53C /* resorts.json in Resources */,
				B16E8B092951EA590092B53C /* Preview Assets.xcassets in Resources */,
				B16E8B062951EA590092B53C /* Assets.xcassets in Resources */,
			);
			runOnlyForDeploymentPostprocessing = 0;
		};
/* End PBXResourcesBuildPhase section */

/* Begin PBXSourcesBuildPhase section */
		B16E8AFA2951EA580092B53C /* Sources */ = {
			isa = PBXSourcesBuildPhase;
			buildActionMask = 2147483647;
			files = (
				B16E8B1B2951F9910092B53C /* WelcomeView.swift in Sources */,
				B186301529576242000CF89F /* SkiDetailsView.swift in Sources */,
				B186301729576319000CF89F /* ResortDetailsView.swift in Sources */,
				B16E8B042951EA580092B53C /* MainView.swift in Sources */,
				B16E8B162951EBD10092B53C /* Resort.swift in Sources */,
				B186301E29576A41000CF89F /* Favorites.swift in Sources */,
				B16E8B202951FD900092B53C /* ResortView.swift in Sources */,
				B16E8B022951EA580092B53C /* SnowSeekerApp.swift in Sources */,
				B186301B295765BF000CF89F /* View+Extension.swift in Sources */,
				B16E8B192951ECB50092B53C /* Bundle-Decodable.swift in Sources */,
			);
			runOnlyForDeploymentPostprocessing = 0;
		};
/* End PBXSourcesBuildPhase section */

/* Begin XCBuildConfiguration section */
		B16E8B0A2951EA590092B53C /* Debug */ = {
			isa = XCBuildConfiguration;
			buildSettings = {
				ALWAYS_SEARCH_USER_PATHS = NO;
				CLANG_ANALYZER_NONNULL = YES;
				CLANG_ANALYZER_NUMBER_OBJECT_CONVERSION = YES_AGGRESSIVE;
				CLANG_CXX_LANGUAGE_STANDARD = "gnu++20";
				CLANG_ENABLE_MODULES = YES;
				CLANG_ENABLE_OBJC_ARC = YES;
				CLANG_ENABLE_OBJC_WEAK = YES;
				CLANG_WARN_BLOCK_CAPTURE_AUTORELEASING = YES;
				CLANG_WARN_BOOL_CONVERSION = YES;
				CLANG_WARN_COMMA = YES;
				CLANG_WARN_CONSTANT_CONVERSION = YES;
				CLANG_WARN_DEPRECATED_OBJC_IMPLEMENTATIONS = YES;
				CLANG_WARN_DIRECT_OBJC_ISA_USAGE = YES_ERROR;
				CLANG_WARN_DOCUMENTATION_COMMENTS = YES;
				CLANG_WARN_EMPTY_BODY = YES;
				CLANG_WARN_ENUM_CONVERSION = YES;
				CLANG_WARN_INFINITE_RECURSION = YES;
				CLANG_WARN_INT_CONVERSION = YES;
				CLANG_WARN_NON_LITERAL_NULL_CONVERSION = YES;
				CLANG_WARN_OBJC_IMPLICIT_RETAIN_SELF = YES;
				CLANG_WARN_OBJC_LITERAL_CONVERSION = YES;
				CLANG_WARN_OBJC_ROOT_CLASS = YES_ERROR;
				CLANG_WARN_QUOTED_INCLUDE_IN_FRAMEWORK_HEADER = YES;
				CLANG_WARN_RANGE_LOOP_ANALYSIS = YES;
				CLANG_WARN_STRICT_PROTOTYPES = YES;
				CLANG_WARN_SUSPICIOUS_MOVE = YES;
				CLANG_WARN_UNGUARDED_AVAILABILITY = YES_AGGRESSIVE;
				CLANG_WARN_UNREACHABLE_CODE = YES;
				CLANG_WARN__DUPLICATE_METHOD_MATCH = YES;
				COPY_PHASE_STRIP = NO;
				DEBUG_INFORMATION_FORMAT = dwarf;
				ENABLE_STRICT_OBJC_MSGSEND = YES;
				ENABLE_TESTABILITY = YES;
				GCC_C_LANGUAGE_STANDARD = gnu11;
				GCC_DYNAMIC_NO_PIC = NO;
				GCC_NO_COMMON_BLOCKS = YES;
				GCC_OPTIMIZATION_LEVEL = 0;
				GCC_PREPROCESSOR_DEFINITIONS = (
					"DEBUG=1",
					"$(inherited)",
				);
				GCC_WARN_64_TO_32_BIT_CONVERSION = YES;
				GCC_WARN_ABOUT_RETURN_TYPE = YES_ERROR;
				GCC_WARN_UNDECLARED_SELECTOR = YES;
				GCC_WARN_UNINITIALIZED_AUTOS = YES_AGGRESSIVE;
				GCC_WARN_UNUSED_FUNCTION = YES;
				GCC_WARN_UNUSED_VARIABLE = YES;
				IPHONEOS_DEPLOYMENT_TARGET = 16.2;
				MTL_ENABLE_DEBUG_INFO = INCLUDE_SOURCE;
				MTL_FAST_MATH = YES;
				ONLY_ACTIVE_ARCH = YES;
				SDKROOT = iphoneos;
				SWIFT_ACTIVE_COMPILATION_CONDITIONS = DEBUG;
				SWIFT_OPTIMIZATION_LEVEL = "-Onone";
			};
			name = Debug;
		};
		B16E8B0B2951EA590092B53C /* Release */ = {
			isa = XCBuildConfiguration;
			buildSettings = {
				ALWAYS_SEARCH_USER_PATHS = NO;
				CLANG_ANALYZER_NONNULL = YES;
				CLANG_ANALYZER_NUMBER_OBJECT_CONVERSION = YES_AGGRESSIVE;
				CLANG_CXX_LANGUAGE_STANDARD = "gnu++20";
				CLANG_ENABLE_MODULES = YES;
				CLANG_ENABLE_OBJC_ARC = YES;
				CLANG_ENABLE_OBJC_WEAK = YES;
				CLANG_WARN_BLOCK_CAPTURE_AUTORELEASING = YES;
				CLANG_WARN_BOOL_CONVERSION = YES;
				CLANG_WARN_COMMA = YES;
				CLANG_WARN_CONSTANT_CONVERSION = YES;
				CLANG_WARN_DEPRECATED_OBJC_IMPLEMENTATIONS = YES;
				CLANG_WARN_DIRECT_OBJC_ISA_USAGE = YES_ERROR;
				CLANG_WARN_DOCUMENTATION_COMMENTS = YES;
				CLANG_WARN_EMPTY_BODY = YES;
				CLANG_WARN_ENUM_CONVERSION = YES;
				CLANG_WARN_INFINITE_RECURSION = YES;
				CLANG_WARN_INT_CONVERSION = YES;
				CLANG_WARN_NON_LITERAL_NULL_CONVERSION = YES;
				CLANG_WARN_OBJC_IMPLICIT_RETAIN_SELF = YES;
				CLANG_WARN_OBJC_LITERAL_CONVERSION = YES;
				CLANG_WARN_OBJC_ROOT_CLASS = YES_ERROR;
				CLANG_WARN_QUOTED_INCLUDE_IN_FRAMEWORK_HEADER = YES;
				CLANG_WARN_RANGE_LOOP_ANALYSIS = YES;
				CLANG_WARN_STRICT_PROTOTYPES = YES;
				CLANG_WARN_SUSPICIOUS_MOVE = YES;
				CLANG_WARN_UNGUARDED_AVAILABILITY = YES_AGGRESSIVE;
				CLANG_WARN_UNREACHABLE_CODE = YES;
				CLANG_WARN__DUPLICATE_METHOD_MATCH = YES;
				COPY_PHASE_STRIP = NO;
				DEBUG_INFORMATION_FORMAT = "dwarf-with-dsym";
				ENABLE_NS_ASSERTIONS = NO;
				ENABLE_STRICT_OBJC_MSGSEND = YES;
				GCC_C_LANGUAGE_STANDARD = gnu11;
				GCC_NO_COMMON_BLOCKS = YES;
				GCC_WARN_64_TO_32_BIT_CONVERSION = YES;
				GCC_WARN_ABOUT_RETURN_TYPE = YES_ERROR;
				GCC_WARN_UNDECLARED_SELECTOR = YES;
				GCC_WARN_UNINITIALIZED_AUTOS = YES_AGGRESSIVE;
				GCC_WARN_UNUSED_FUNCTION = YES;
				GCC_WARN_UNUSED_VARIABLE = YES;
				IPHONEOS_DEPLOYMENT_TARGET = 16.2;
				MTL_ENABLE_DEBUG_INFO = NO;
				MTL_FAST_MATH = YES;
				SDKROOT = iphoneos;
				SWIFT_COMPILATION_MODE = wholemodule;
				SWIFT_OPTIMIZATION_LEVEL = "-O";
				VALIDATE_PRODUCT = YES;
			};
			name = Release;
		};
		B16E8B0D2951EA590092B53C /* Debug */ = {
			isa = XCBuildConfiguration;
			buildSettings = {
				ASSETCATALOG_COMPILER_APPICON_NAME = AppIcon;
				ASSETCATALOG_COMPILER_GLOBAL_ACCENT_COLOR_NAME = AccentColor;
				CODE_SIGN_STYLE = Automatic;
				CURRENT_PROJECT_VERSION = 1;
				DEVELOPMENT_ASSET_PATHS = "\"SnowSeeker/Preview Content\"";
				DEVELOPMENT_TEAM = QQ4V82589Y;
				ENABLE_PREVIEWS = YES;
				GENERATE_INFOPLIST_FILE = YES;
				INFOPLIST_KEY_UIApplicationSceneManifest_Generation = YES;
				INFOPLIST_KEY_UIApplicationSupportsIndirectInputEvents = YES;
				INFOPLIST_KEY_UILaunchScreen_Generation = YES;
				INFOPLIST_KEY_UISupportedInterfaceOrientations_iPad = "UIInterfaceOrientationPortrait UIInterfaceOrientationPortraitUpsideDown UIInterfaceOrientationLandscapeLeft UIInterfaceOrientationLandscapeRight";
				INFOPLIST_KEY_UISupportedInterfaceOrientations_iPhone = "UIInterfaceOrientationPortrait UIInterfaceOrientationLandscapeLeft UIInterfaceOrientationLandscapeRight";
				LD_RUNPATH_SEARCH_PATHS = (
					"$(inherited)",
					"@executable_path/Frameworks",
				);
				MARKETING_VERSION = 1.0;
				PRODUCT_BUNDLE_IDENTIFIER = com.berkaysancar.SnowSeeker;
				PRODUCT_NAME = "$(TARGET_NAME)";
				SWIFT_EMIT_LOC_STRINGS = YES;
				SWIFT_VERSION = 5.0;
				TARGETED_DEVICE_FAMILY = "1,2";
			};
			name = Debug;
		};
		B16E8B0E2951EA590092B53C /* Release */ = {
			isa = XCBuildConfiguration;
			buildSettings = {
				ASSETCATALOG_COMPILER_APPICON_NAME = AppIcon;
				ASSETCATALOG_COMPILER_GLOBAL_ACCENT_COLOR_NAME = AccentColor;
				CODE_SIGN_STYLE = Automatic;
				CURRENT_PROJECT_VERSION = 1;
				DEVELOPMENT_ASSET_PATHS = "\"SnowSeeker/Preview Content\"";
				DEVELOPMENT_TEAM = QQ4V82589Y;
				ENABLE_PREVIEWS = YES;
				GENERATE_INFOPLIST_FILE = YES;
				INFOPLIST_KEY_UIApplicationSceneManifest_Generation = YES;
				INFOPLIST_KEY_UIApplicationSupportsIndirectInputEvents = YES;
				INFOPLIST_KEY_UILaunchScreen_Generation = YES;
				INFOPLIST_KEY_UISupportedInterfaceOrientations_iPad = "UIInterfaceOrientationPortrait UIInterfaceOrientationPortraitUpsideDown UIInterfaceOrientationLandscapeLeft UIInterfaceOrientationLandscapeRight";
				INFOPLIST_KEY_UISupportedInterfaceOrientations_iPhone = "UIInterfaceOrientationPortrait UIInterfaceOrientationLandscapeLeft UIInterfaceOrientationLandscapeRight";
				LD_RUNPATH_SEARCH_PATHS = (
					"$(inherited)",
					"@executable_path/Frameworks",
				);
				MARKETING_VERSION = 1.0;
				PRODUCT_BUNDLE_IDENTIFIER = com.berkaysancar.SnowSeeker;
				PRODUCT_NAME = "$(TARGET_NAME)";
				SWIFT_EMIT_LOC_STRINGS = YES;
				SWIFT_VERSION = 5.0;
				TARGETED_DEVICE_FAMILY = "1,2";
			};
			name = Release;
		};
/* End XCBuildConfiguration section */

/* Begin XCConfigurationList section */
		B16E8AF92951EA580092B53C /* Build configuration list for PBXProject "SnowSeeker" */ = {
			isa = XCConfigurationList;
			buildConfigurations = (
				B16E8B0A2951EA590092B53C /* Debug */,
				B16E8B0B2951EA590092B53C /* Release */,
			);
			defaultConfigurationIsVisible = 0;
			defaultConfigurationName = Release;
		};
		B16E8B0C2951EA590092B53C /* Build configuration list for PBXNativeTarget "SnowSeeker" */ = {
			isa = XCConfigurationList;
			buildConfigurations = (
				B16E8B0D2951EA590092B53C /* Debug */,
				B16E8B0E2951EA590092B53C /* Release */,
			);
			defaultConfigurationIsVisible = 0;
			defaultConfigurationName = Release;
		};
/* End XCConfigurationList section */
	};
	rootObject = B16E8AF62951EA580092B53C /* Project object */;
}
