// !$*UTF8*$!
{
	archiveVersion = 1;
	classes = {
	};
	objectVersion = 56;
	objects = {

/* Begin PBXBuildFile section */
		B1DFAE422948A2C2008ABEDA /* FlashzillaApp.swift in Sources */ = {isa = PBXBuildFile; fileRef = B1DFAE412948A2C2008ABEDA /* FlashzillaApp.swift */; };
		B1DFAE442948A2C2008ABEDA /* CardView.swift in Sources */ = {isa = PBXBuildFile; fileRef = B1DFAE432948A2C2008ABEDA /* CardView.swift */; };
		B1DFAE462948A2C3008ABEDA /* Assets.xcassets in Resources */ = {isa = PBXBuildFile; fileRef = B1DFAE452948A2C3008ABEDA /* Assets.xcassets */; };
		B1DFAE492948A2C3008ABEDA /* Preview Assets.xcassets in Resources */ = {isa = PBXBuildFile; fileRef = B1DFAE482948A2C3008ABEDA /* Preview Assets.xcassets */; };
		B1DFAE512948A312008ABEDA /* Card.swift in Sources */ = {isa = PBXBuildFile; fileRef = B1DFAE502948A312008ABEDA /* Card.swift */; };
		B1DFAE532948A4D7008ABEDA /* MainView.swift in Sources */ = {isa = PBXBuildFile; fileRef = B1DFAE522948A4D7008ABEDA /* MainView.swift */; };
		B1DFAE5A2948A90C008ABEDA /* View+Extension.swift in Sources */ = {isa = PBXBuildFile; fileRef = B1DFAE592948A90C008ABEDA /* View+Extension.swift */; };
		B1DFAE5C2948C51D008ABEDA /* EditCardView.swift in Sources */ = {isa = PBXBuildFile; fileRef = B1DFAE5B2948C51D008ABEDA /* EditCardView.swift */; };
/* End PBXBuildFile section */

/* Begin PBXFileReference section */
		B1DFAE3E2948A2C2008ABEDA /* Flashzilla.app */ = {isa = PBXFileReference; explicitFileType = wrapper.application; includeInIndex = 0; path = Flashzilla.app; sourceTree = BUILT_PRODUCTS_DIR; };
		B1DFAE412948A2C2008ABEDA /* FlashzillaApp.swift */ = {isa = PBXFileReference; lastKnownFileType = sourcecode.swift; path = FlashzillaApp.swift; sourceTree = "<group>"; };
		B1DFAE432948A2C2008ABEDA /* CardView.swift */ = {isa = PBXFileReference; lastKnownFileType = sourcecode.swift; path = CardView.swift; sourceTree = "<group>"; };
		B1DFAE452948A2C3008ABEDA /* Assets.xcassets */ = {isa = PBXFileReference; lastKnownFileType = folder.assetcatalog; path = Assets.xcassets; sourceTree = "<group>"; };
		B1DFAE482948A2C3008ABEDA /* Preview Assets.xcassets */ = {isa = PBXFileReference; lastKnownFileType = folder.assetcatalog; path = "Preview Assets.xcassets"; sourceTree = "<group>"; };
		B1DFAE502948A312008ABEDA /* Card.swift */ = {isa = PBXFileReference; lastKnownFileType = sourcecode.swift; path = Card.swift; sourceTree = "<group>"; };
		B1DFAE522948A4D7008ABEDA /* MainView.swift */ = {isa = PBXFileReference; lastKnownFileType = sourcecode.swift; path = MainView.swift; sourceTree = "<group>"; };
		B1DFAE592948A90C008ABEDA /* View+Extension.swift */ = {isa = PBXFileReference; lastKnownFileType = sourcecode.swift; path = "View+Extension.swift"; sourceTree = "<group>"; };
		B1DFAE5B2948C51D008ABEDA /* EditCardView.swift */ = {isa = PBXFileReference; lastKnownFileType = sourcecode.swift; path = EditCardView.swift; sourceTree = "<group>"; };
/* End PBXFileReference section */

/* Begin PBXFrameworksBuildPhase section */
		B1DFAE3B2948A2C2008ABEDA /* Frameworks */ = {
			isa = PBXFrameworksBuildPhase;
			buildActionMask = 2147483647;
			files = (
			);
			runOnlyForDeploymentPostprocessing = 0;
		};
/* End PBXFrameworksBuildPhase section */

/* Begin PBXGroup section */
		B1DFAE352948A2C2008ABEDA = {
			isa = PBXGroup;
			children = (
				B1DFAE402948A2C2008ABEDA /* Flashzilla */,
				B1DFAE3F2948A2C2008ABEDA /* Products */,
			);
			sourceTree = "<group>";
		};
		B1DFAE3F2948A2C2008ABEDA /* Products */ = {
			isa = PBXGroup;
			children = (
				B1DFAE3E2948A2C2008ABEDA /* Flashzilla.app */,
			);
			name = Products;
			sourceTree = "<group>";
		};
		B1DFAE402948A2C2008ABEDA /* Flashzilla */ = {
			isa = PBXGroup;
			children = (
				B1DFAE562948A721008ABEDA /* App */,
				B1DFAE572948A726008ABEDA /* Resources */,
				B1DFAE582948A8CA008ABEDA /* Extensions */,
				B1DFAE4F2948A308008ABEDA /* Model */,
				B1DFAE552948A712008ABEDA /* CustomViews */,
				B1DFAE542948A70E008ABEDA /* Scene */,
				B1DFAE472948A2C3008ABEDA /* Preview Content */,
			);
			path = Flashzilla;
			sourceTree = "<group>";
		};
		B1DFAE472948A2C3008ABEDA /* Preview Content */ = {
			isa = PBXGroup;
			children = (
				B1DFAE482948A2C3008ABEDA /* Preview Assets.xcassets */,
			);
			path = "Preview Content";
			sourceTree = "<group>";
		};
		B1DFAE4F2948A308008ABEDA /* Model */ = {
			isa = PBXGroup;
			children = (
				B1DFAE502948A312008ABEDA /* Card.swift */,
			);
			path = Model;
			sourceTree = "<group>";
		};
		B1DFAE542948A70E008ABEDA /* Scene */ = {
			isa = PBXGroup;
			children = (
				B1DFAE522948A4D7008ABEDA /* MainView.swift */,
				B1DFAE5B2948C51D008ABEDA /* EditCardView.swift */,
			);
			path = Scene;
			sourceTree = "<group>";
		};
		B1DFAE552948A712008ABEDA /* CustomViews */ = {
			isa = PBXGroup;
			children = (
				B1DFAE432948A2C2008ABEDA /* CardView.swift */,
			);
			path = CustomViews;
			sourceTree = "<group>";
		};
		B1DFAE562948A721008ABEDA /* App */ = {
			isa = PBXGroup;
			children = (
				B1DFAE412948A2C2008ABEDA /* FlashzillaApp.swift */,
			);
			path = App;
			sourceTree = "<group>";
		};
		B1DFAE572948A726008ABEDA /* Resources */ = {
			isa = PBXGroup;
			children = (
				B1DFAE452948A2C3008ABEDA /* Assets.xcassets */,
			);
			path = Resources;
			sourceTree = "<group>";
		};
		B1DFAE582948A8CA008ABEDA /* Extensions */ = {
			isa = PBXGroup;
			children = (
				B1DFAE592948A90C008ABEDA /* View+Extension.swift */,
			);
			path = Extensions;
			sourceTree = "<group>";
		};
/* End PBXGroup section */

/* Begin PBXNativeTarget section */
		B1DFAE3D2948A2C2008ABEDA /* Flashzilla */ = {
			isa = PBXNativeTarget;
			buildConfigurationList = B1DFAE4C2948A2C3008ABEDA /* Build configuration list for PBXNativeTarget "Flashzilla" */;
			buildPhases = (
				B1DFAE3A2948A2C2008ABEDA /* Sources */,
				B1DFAE3B2948A2C2008ABEDA /* Frameworks */,
				B1DFAE3C2948A2C2008ABEDA /* Resources */,
			);
			buildRules = (
			);
			dependencies = (
			);
			name = Flashzilla;
			productName = Flashzilla;
			productReference = B1DFAE3E2948A2C2008ABEDA /* Flashzilla.app */;
			productType = "com.apple.product-type.application";
		};
/* End PBXNativeTarget section */

/* Begin PBXProject section */
		B1DFAE362948A2C2008ABEDA /* Project object */ = {
			isa = PBXProject;
			attributes = {
				BuildIndependentTargetsInParallel = 1;
				LastSwiftUpdateCheck = 1410;
				LastUpgradeCheck = 1410;
				TargetAttributes = {
					B1DFAE3D2948A2C2008ABEDA = {
						CreatedOnToolsVersion = 14.1;
					};
				};
			};
			buildConfigurationList = B1DFAE392948A2C2008ABEDA /* Build configuration list for PBXProject "Flashzilla" */;
			compatibilityVersion = "Xcode 14.0";
			developmentRegion = en;
			hasScannedForEncodings = 0;
			knownRegions = (
				en,
				Base,
			);
			mainGroup = B1DFAE352948A2C2008ABEDA;
			productRefGroup = B1DFAE3F2948A2C2008ABEDA /* Products */;
			projectDirPath = "";
			projectRoot = "";
			targets = (
				B1DFAE3D2948A2C2008ABEDA /* Flashzilla */,
			);
		};
/* End PBXProject section */

/* Begin PBXResourcesBuildPhase section */
		B1DFAE3C2948A2C2008ABEDA /* Resources */ = {
			isa = PBXResourcesBuildPhase;
			buildActionMask = 2147483647;
			files = (
				B1DFAE492948A2C3008ABEDA /* Preview Assets.xcassets in Resources */,
				B1DFAE462948A2C3008ABEDA /* Assets.xcassets in Resources */,
			);
			runOnlyForDeploymentPostprocessing = 0;
		};
/* End PBXResourcesBuildPhase section */

/* Begin PBXSourcesBuildPhase section */
		B1DFAE3A2948A2C2008ABEDA /* Sources */ = {
			isa = PBXSourcesBuildPhase;
			buildActionMask = 2147483647;
			files = (
				B1DFAE5C2948C51D008ABEDA /* EditCardView.swift in Sources */,
				B1DFAE442948A2C2008ABEDA /* CardView.swift in Sources */,
				B1DFAE532948A4D7008ABEDA /* MainView.swift in Sources */,
				B1DFAE5A2948A90C008ABEDA /* View+Extension.swift in Sources */,
				B1DFAE512948A312008ABEDA /* Card.swift in Sources */,
				B1DFAE422948A2C2008ABEDA /* FlashzillaApp.swift in Sources */,
			);
			runOnlyForDeploymentPostprocessing = 0;
		};
/* End PBXSourcesBuildPhase section */

/* Begin XCBuildConfiguration section */
		B1DFAE4A2948A2C3008ABEDA /* Debug */ = {
			isa = XCBuildConfiguration;
			buildSettings = {
				ALWAYS_SEARCH_USER_PATHS = NO;
				CLANG_ANALYZER_NONNULL = YES;
				CLANG_ANALYZER_NUMBER_OBJECT_CONVERSION = YES_AGGRESSIVE;
				CLANG_CXX_LANGUAGE_STANDARD = "gnu++20";
				CLANG_ENABLE_MODULES = YES;
				CLANG_ENABLE_OBJC_ARC = YES;
				CLANG_ENABLE_OBJC_WEAK = YES;
				CLANG_WARN_BLOCK_CAPTURE_AUTORELEASING = YES;
				CLANG_WARN_BOOL_CONVERSION = YES;
				CLANG_WARN_COMMA = YES;
				CLANG_WARN_CONSTANT_CONVERSION = YES;
				CLANG_WARN_DEPRECATED_OBJC_IMPLEMENTATIONS = YES;
				CLANG_WARN_DIRECT_OBJC_ISA_USAGE = YES_ERROR;
				CLANG_WARN_DOCUMENTATION_COMMENTS = YES;
				CLANG_WARN_EMPTY_BODY = YES;
				CLANG_WARN_ENUM_CONVERSION = YES;
				CLANG_WARN_INFINITE_RECURSION = YES;
				CLANG_WARN_INT_CONVERSION = YES;
				CLANG_WARN_NON_LITERAL_NULL_CONVERSION = YES;
				CLANG_WARN_OBJC_IMPLICIT_RETAIN_SELF = YES;
				CLANG_WARN_OBJC_LITERAL_CONVERSION = YES;
				CLANG_WARN_OBJC_ROOT_CLASS = YES_ERROR;
				CLANG_WARN_QUOTED_INCLUDE_IN_FRAMEWORK_HEADER = YES;
				CLANG_WARN_RANGE_LOOP_ANALYSIS = YES;
				CLANG_WARN_STRICT_PROTOTYPES = YES;
				CLANG_WARN_SUSPICIOUS_MOVE = YES;
				CLANG_WARN_UNGUARDED_AVAILABILITY = YES_AGGRESSIVE;
				CLANG_WARN_UNREACHABLE_CODE = YES;
				CLANG_WARN__DUPLICATE_METHOD_MATCH = YES;
				COPY_PHASE_STRIP = NO;
				DEBUG_INFORMATION_FORMAT = dwarf;
				ENABLE_STRICT_OBJC_MSGSEND = YES;
				ENABLE_TESTABILITY = YES;
				GCC_C_LANGUAGE_STANDARD = gnu11;
				GCC_DYNAMIC_NO_PIC = NO;
				GCC_NO_COMMON_BLOCKS = YES;
				GCC_OPTIMIZATION_LEVEL = 0;
				GCC_PREPROCESSOR_DEFINITIONS = (
					"DEBUG=1",
					"$(inherited)",
				);
				GCC_WARN_64_TO_32_BIT_CONVERSION = YES;
				GCC_WARN_ABOUT_RETURN_TYPE = YES_ERROR;
				GCC_WARN_UNDECLARED_SELECTOR = YES;
				GCC_WARN_UNINITIALIZED_AUTOS = YES_AGGRESSIVE;
				GCC_WARN_UNUSED_FUNCTION = YES;
				GCC_WARN_UNUSED_VARIABLE = YES;
				IPHONEOS_DEPLOYMENT_TARGET = 16.1;
				MTL_ENABLE_DEBUG_INFO = INCLUDE_SOURCE;
				MTL_FAST_MATH = YES;
				ONLY_ACTIVE_ARCH = YES;
				SDKROOT = iphoneos;
				SWIFT_ACTIVE_COMPILATION_CONDITIONS = DEBUG;
				SWIFT_OPTIMIZATION_LEVEL = "-Onone";
			};
			name = Debug;
		};
		B1DFAE4B2948A2C3008ABEDA /* Release */ = {
			isa = XCBuildConfiguration;
			buildSettings = {
				ALWAYS_SEARCH_USER_PATHS = NO;
				CLANG_ANALYZER_NONNULL = YES;
				CLANG_ANALYZER_NUMBER_OBJECT_CONVERSION = YES_AGGRESSIVE;
				CLANG_CXX_LANGUAGE_STANDARD = "gnu++20";
				CLANG_ENABLE_MODULES = YES;
				CLANG_ENABLE_OBJC_ARC = YES;
				CLANG_ENABLE_OBJC_WEAK = YES;
				CLANG_WARN_BLOCK_CAPTURE_AUTORELEASING = YES;
				CLANG_WARN_BOOL_CONVERSION = YES;
				CLANG_WARN_COMMA = YES;
				CLANG_WARN_CONSTANT_CONVERSION = YES;
				CLANG_WARN_DEPRECATED_OBJC_IMPLEMENTATIONS = YES;
				CLANG_WARN_DIRECT_OBJC_ISA_USAGE = YES_ERROR;
				CLANG_WARN_DOCUMENTATION_COMMENTS = YES;
				CLANG_WARN_EMPTY_BODY = YES;
				CLANG_WARN_ENUM_CONVERSION = YES;
				CLANG_WARN_INFINITE_RECURSION = YES;
				CLANG_WARN_INT_CONVERSION = YES;
				CLANG_WARN_NON_LITERAL_NULL_CONVERSION = YES;
				CLANG_WARN_OBJC_IMPLICIT_RETAIN_SELF = YES;
				CLANG_WARN_OBJC_LITERAL_CONVERSION = YES;
				CLANG_WARN_OBJC_ROOT_CLASS = YES_ERROR;
				CLANG_WARN_QUOTED_INCLUDE_IN_FRAMEWORK_HEADER = YES;
				CLANG_WARN_RANGE_LOOP_ANALYSIS = YES;
				CLANG_WARN_STRICT_PROTOTYPES = YES;
				CLANG_WARN_SUSPICIOUS_MOVE = YES;
				CLANG_WARN_UNGUARDED_AVAILABILITY = YES_AGGRESSIVE;
				CLANG_WARN_UNREACHABLE_CODE = YES;
				CLANG_WARN__DUPLICATE_METHOD_MATCH = YES;
				COPY_PHASE_STRIP = NO;
				DEBUG_INFORMATION_FORMAT = "dwarf-with-dsym";
				ENABLE_NS_ASSERTIONS = NO;
				ENABLE_STRICT_OBJC_MSGSEND = YES;
				GCC_C_LANGUAGE_STANDARD = gnu11;
				GCC_NO_COMMON_BLOCKS = YES;
				GCC_WARN_64_TO_32_BIT_CONVERSION = YES;
				GCC_WARN_ABOUT_RETURN_TYPE = YES_ERROR;
				GCC_WARN_UNDECLARED_SELECTOR = YES;
				GCC_WARN_UNINITIALIZED_AUTOS = YES_AGGRESSIVE;
				GCC_WARN_UNUSED_FUNCTION = YES;
				GCC_WARN_UNUSED_VARIABLE = YES;
				IPHONEOS_DEPLOYMENT_TARGET = 16.1;
				MTL_ENABLE_DEBUG_INFO = NO;
				MTL_FAST_MATH = YES;
				SDKROOT = iphoneos;
				SWIFT_COMPILATION_MODE = wholemodule;
				SWIFT_OPTIMIZATION_LEVEL = "-O";
				VALIDATE_PRODUCT = YES;
			};
			name = Release;
		};
		B1DFAE4D2948A2C3008ABEDA /* Debug */ = {
			isa = XCBuildConfiguration;
			buildSettings = {
				ASSETCATALOG_COMPILER_APPICON_NAME = AppIcon;
				ASSETCATALOG_COMPILER_GLOBAL_ACCENT_COLOR_NAME = AccentColor;
				CODE_SIGN_STYLE = Automatic;
				CURRENT_PROJECT_VERSION = 1;
				DEVELOPMENT_ASSET_PATHS = "\"Flashzilla/Preview Content\"";
				DEVELOPMENT_TEAM = QQ4V82589Y;
				ENABLE_PREVIEWS = YES;
				GENERATE_INFOPLIST_FILE = YES;
				INFOPLIST_KEY_UIApplicationSceneManifest_Generation = YES;
				INFOPLIST_KEY_UIApplicationSupportsIndirectInputEvents = YES;
				INFOPLIST_KEY_UILaunchScreen_Generation = YES;
				INFOPLIST_KEY_UISupportedInterfaceOrientations_iPad = "UIInterfaceOrientationPortrait UIInterfaceOrientationPortraitUpsideDown UIInterfaceOrientationLandscapeLeft UIInterfaceOrientationLandscapeRight";
				INFOPLIST_KEY_UISupportedInterfaceOrientations_iPhone = "UIInterfaceOrientationPortrait UIInterfaceOrientationLandscapeLeft UIInterfaceOrientationLandscapeRight";
				LD_RUNPATH_SEARCH_PATHS = (
					"$(inherited)",
					"@executable_path/Frameworks",
				);
				MARKETING_VERSION = 1.0;
				PRODUCT_BUNDLE_IDENTIFIER = com.berkaysancar.Flashzilla;
				PRODUCT_NAME = "$(TARGET_NAME)";
				SWIFT_EMIT_LOC_STRINGS = YES;
				SWIFT_VERSION = 5.0;
				TARGETED_DEVICE_FAMILY = "1,2";
			};
			name = Debug;
		};
		B1DFAE4E2948A2C3008ABEDA /* Release */ = {
			isa = XCBuildConfiguration;
			buildSettings = {
				ASSETCATALOG_COMPILER_APPICON_NAME = AppIcon;
				ASSETCATALOG_COMPILER_GLOBAL_ACCENT_COLOR_NAME = AccentColor;
				CODE_SIGN_STYLE = Automatic;
				CURRENT_PROJECT_VERSION = 1;
				DEVELOPMENT_ASSET_PATHS = "\"Flashzilla/Preview Content\"";
				DEVELOPMENT_TEAM = QQ4V82589Y;
				ENABLE_PREVIEWS = YES;
				GENERATE_INFOPLIST_FILE = YES;
				INFOPLIST_KEY_UIApplicationSceneManifest_Generation = YES;
				INFOPLIST_KEY_UIApplicationSupportsIndirectInputEvents = YES;
				INFOPLIST_KEY_UILaunchScreen_Generation = YES;
				INFOPLIST_KEY_UISupportedInterfaceOrientations_iPad = "UIInterfaceOrientationPortrait UIInterfaceOrientationPortraitUpsideDown UIInterfaceOrientationLandscapeLeft UIInterfaceOrientationLandscapeRight";
				INFOPLIST_KEY_UISupportedInterfaceOrientations_iPhone = "UIInterfaceOrientationPortrait UIInterfaceOrientationLandscapeLeft UIInterfaceOrientationLandscapeRight";
				LD_RUNPATH_SEARCH_PATHS = (
					"$(inherited)",
					"@executable_path/Frameworks",
				);
				MARKETING_VERSION = 1.0;
				PRODUCT_BUNDLE_IDENTIFIER = com.berkaysancar.Flashzilla;
				PRODUCT_NAME = "$(TARGET_NAME)";
				SWIFT_EMIT_LOC_STRINGS = YES;
				SWIFT_VERSION = 5.0;
				TARGETED_DEVICE_FAMILY = "1,2";
			};
			name = Release;
		};
/* End XCBuildConfiguration section */

/* Begin XCConfigurationList section */
		B1DFAE392948A2C2008ABEDA /* Build configuration list for PBXProject "Flashzilla" */ = {
			isa = XCConfigurationList;
			buildConfigurations = (
				B1DFAE4A2948A2C3008ABEDA /* Debug */,
				B1DFAE4B2948A2C3008ABEDA /* Release */,
			);
			defaultConfigurationIsVisible = 0;
			defaultConfigurationName = Release;
		};
		B1DFAE4C2948A2C3008ABEDA /* Build configuration list for PBXNativeTarget "Flashzilla" */ = {
			isa = XCConfigurationList;
			buildConfigurations = (
				B1DFAE4D2948A2C3008ABEDA /* Debug */,
				B1DFAE4E2948A2C3008ABEDA /* Release */,
			);
			defaultConfigurationIsVisible = 0;
			defaultConfigurationName = Release;
		};
/* End XCConfigurationList section */
	};
	rootObject = B1DFAE362948A2C2008ABEDA /* Project object */;
}
