// !$*UTF8*$!
{
	archiveVersion = 1;
	classes = {
	};
	objectVersion = 56;
	objects = {

/* Begin PBXBuildFile section */
		B1CA0C6D29437872002B40FF /* BucketlistApp.swift in Sources */ = {isa = PBXBuildFile; fileRef = B1CA0C6C29437872002B40FF /* BucketlistApp.swift */; };
		B1CA0C6F29437872002B40FF /* MainView.swift in Sources */ = {isa = PBXBuildFile; fileRef = B1CA0C6E29437872002B40FF /* MainView.swift */; };
		B1CA0C7129437873002B40FF /* Assets.xcassets in Resources */ = {isa = PBXBuildFile; fileRef = B1CA0C7029437873002B40FF /* Assets.xcassets */; };
		B1CA0C7429437873002B40FF /* Preview Assets.xcassets in Resources */ = {isa = PBXBuildFile; fileRef = B1CA0C7329437873002B40FF /* Preview Assets.xcassets */; };
		B1CA0C7C29437ACD002B40FF /* Location.swift in Sources */ = {isa = PBXBuildFile; fileRef = B1CA0C7B29437ACD002B40FF /* Location.swift */; };
		B1CA0C8329438104002B40FF /* EditView.swift in Sources */ = {isa = PBXBuildFile; fileRef = B1CA0C8229438104002B40FF /* EditView.swift */; };
		B1CA0C8529438602002B40FF /* Result.swift in Sources */ = {isa = PBXBuildFile; fileRef = B1CA0C8429438602002B40FF /* Result.swift */; };
		B1CA0C8729438DCD002B40FF /* MainViewModel.swift in Sources */ = {isa = PBXBuildFile; fileRef = B1CA0C8629438DCD002B40FF /* MainViewModel.swift */; };
		B1CA0C8A294390F4002B40FF /* FileManager+Extension.swift in Sources */ = {isa = PBXBuildFile; fileRef = B1CA0C89294390F4002B40FF /* FileManager+Extension.swift */; };
/* End PBXBuildFile section */

/* Begin PBXFileReference section */
		B1CA0C6929437872002B40FF /* Bucketlist.app */ = {isa = PBXFileReference; explicitFileType = wrapper.application; includeInIndex = 0; path = Bucketlist.app; sourceTree = BUILT_PRODUCTS_DIR; };
		B1CA0C6C29437872002B40FF /* BucketlistApp.swift */ = {isa = PBXFileReference; lastKnownFileType = sourcecode.swift; path = BucketlistApp.swift; sourceTree = "<group>"; };
		B1CA0C6E29437872002B40FF /* MainView.swift */ = {isa = PBXFileReference; lastKnownFileType = sourcecode.swift; path = MainView.swift; sourceTree = "<group>"; };
		B1CA0C7029437873002B40FF /* Assets.xcassets */ = {isa = PBXFileReference; lastKnownFileType = folder.assetcatalog; path = Assets.xcassets; sourceTree = "<group>"; };
		B1CA0C7329437873002B40FF /* Preview Assets.xcassets */ = {isa = PBXFileReference; lastKnownFileType = folder.assetcatalog; path = "Preview Assets.xcassets"; sourceTree = "<group>"; };
		B1CA0C7B29437ACD002B40FF /* Location.swift */ = {isa = PBXFileReference; lastKnownFileType = sourcecode.swift; path = Location.swift; sourceTree = "<group>"; };
		B1CA0C8229438104002B40FF /* EditView.swift */ = {isa = PBXFileReference; lastKnownFileType = sourcecode.swift; path = EditView.swift; sourceTree = "<group>"; };
		B1CA0C8429438602002B40FF /* Result.swift */ = {isa = PBXFileReference; lastKnownFileType = sourcecode.swift; path = Result.swift; sourceTree = "<group>"; };
		B1CA0C8629438DCD002B40FF /* MainViewModel.swift */ = {isa = PBXFileReference; lastKnownFileType = sourcecode.swift; path = MainViewModel.swift; sourceTree = "<group>"; };
		B1CA0C89294390F4002B40FF /* FileManager+Extension.swift */ = {isa = PBXFileReference; lastKnownFileType = sourcecode.swift; path = "FileManager+Extension.swift"; sourceTree = "<group>"; };
/* End PBXFileReference section */

/* Begin PBXFrameworksBuildPhase section */
		B1CA0C6629437872002B40FF /* Frameworks */ = {
			isa = PBXFrameworksBuildPhase;
			buildActionMask = 2147483647;
			files = (
			);
			runOnlyForDeploymentPostprocessing = 0;
		};
/* End PBXFrameworksBuildPhase section */

/* Begin PBXGroup section */
		B1CA0C6029437872002B40FF = {
			isa = PBXGroup;
			children = (
				B1CA0C6B29437872002B40FF /* Bucketlist */,
				B1CA0C6A29437872002B40FF /* Products */,
			);
			sourceTree = "<group>";
		};
		B1CA0C6A29437872002B40FF /* Products */ = {
			isa = PBXGroup;
			children = (
				B1CA0C6929437872002B40FF /* Bucketlist.app */,
			);
			name = Products;
			sourceTree = "<group>";
		};
		B1CA0C6B29437872002B40FF /* Bucketlist */ = {
			isa = PBXGroup;
			children = (
				B1CA0C7D29437B0D002B40FF /* App */,
				B1CA0C7E29437B12002B40FF /* Resources */,
				B1CA0C88294390C7002B40FF /* Utilities */,
				B1CA0C7A29437AC2002B40FF /* Model */,
				B1CA0C7F29437B22002B40FF /* Scenes */,
				B1CA0C7229437873002B40FF /* Preview Content */,
			);
			path = Bucketlist;
			sourceTree = "<group>";
		};
		B1CA0C7229437873002B40FF /* Preview Content */ = {
			isa = PBXGroup;
			children = (
				B1CA0C7329437873002B40FF /* Preview Assets.xcassets */,
			);
			path = "Preview Content";
			sourceTree = "<group>";
		};
		B1CA0C7A29437AC2002B40FF /* Model */ = {
			isa = PBXGroup;
			children = (
				B1CA0C7B29437ACD002B40FF /* Location.swift */,
				B1CA0C8429438602002B40FF /* Result.swift */,
			);
			path = Model;
			sourceTree = "<group>";
		};
		B1CA0C7D29437B0D002B40FF /* App */ = {
			isa = PBXGroup;
			children = (
				B1CA0C6C29437872002B40FF /* BucketlistApp.swift */,
			);
			path = App;
			sourceTree = "<group>";
		};
		B1CA0C7E29437B12002B40FF /* Resources */ = {
			isa = PBXGroup;
			children = (
				B1CA0C7029437873002B40FF /* Assets.xcassets */,
			);
			path = Resources;
			sourceTree = "<group>";
		};
		B1CA0C7F29437B22002B40FF /* Scenes */ = {
			isa = PBXGroup;
			children = (
				B1CA0C802943806A002B40FF /* MainView */,
				B1CA0C81294380FA002B40FF /* EditView */,
			);
			path = Scenes;
			sourceTree = "<group>";
		};
		B1CA0C802943806A002B40FF /* MainView */ = {
			isa = PBXGroup;
			children = (
				B1CA0C6E29437872002B40FF /* MainView.swift */,
				B1CA0C8629438DCD002B40FF /* MainViewModel.swift */,
			);
			path = MainView;
			sourceTree = "<group>";
		};
		B1CA0C81294380FA002B40FF /* EditView */ = {
			isa = PBXGroup;
			children = (
				B1CA0C8229438104002B40FF /* EditView.swift */,
			);
			path = EditView;
			sourceTree = "<group>";
		};
		B1CA0C88294390C7002B40FF /* Utilities */ = {
			isa = PBXGroup;
			children = (
				B1CA0C89294390F4002B40FF /* FileManager+Extension.swift */,
			);
			path = Utilities;
			sourceTree = "<group>";
		};
/* End PBXGroup section */

/* Begin PBXNativeTarget section */
		B1CA0C6829437872002B40FF /* Bucketlist */ = {
			isa = PBXNativeTarget;
			buildConfigurationList = B1CA0C7729437873002B40FF /* Build configuration list for PBXNativeTarget "Bucketlist" */;
			buildPhases = (
				B1CA0C6529437872002B40FF /* Sources */,
				B1CA0C6629437872002B40FF /* Frameworks */,
				B1CA0C6729437872002B40FF /* Resources */,
			);
			buildRules = (
			);
			dependencies = (
			);
			name = Bucketlist;
			productName = Bucketlist;
			productReference = B1CA0C6929437872002B40FF /* Bucketlist.app */;
			productType = "com.apple.product-type.application";
		};
/* End PBXNativeTarget section */

/* Begin PBXProject section */
		B1CA0C6129437872002B40FF /* Project object */ = {
			isa = PBXProject;
			attributes = {
				BuildIndependentTargetsInParallel = 1;
				LastSwiftUpdateCheck = 1410;
				LastUpgradeCheck = 1410;
				TargetAttributes = {
					B1CA0C6829437872002B40FF = {
						CreatedOnToolsVersion = 14.1;
					};
				};
			};
			buildConfigurationList = B1CA0C6429437872002B40FF /* Build configuration list for PBXProject "Bucketlist" */;
			compatibilityVersion = "Xcode 14.0";
			developmentRegion = en;
			hasScannedForEncodings = 0;
			knownRegions = (
				en,
				Base,
			);
			mainGroup = B1CA0C6029437872002B40FF;
			productRefGroup = B1CA0C6A29437872002B40FF /* Products */;
			projectDirPath = "";
			projectRoot = "";
			targets = (
				B1CA0C6829437872002B40FF /* Bucketlist */,
			);
		};
/* End PBXProject section */

/* Begin PBXResourcesBuildPhase section */
		B1CA0C6729437872002B40FF /* Resources */ = {
			isa = PBXResourcesBuildPhase;
			buildActionMask = 2147483647;
			files = (
				B1CA0C7429437873002B40FF /* Preview Assets.xcassets in Resources */,
				B1CA0C7129437873002B40FF /* Assets.xcassets in Resources */,
			);
			runOnlyForDeploymentPostprocessing = 0;
		};
/* End PBXResourcesBuildPhase section */

/* Begin PBXSourcesBuildPhase section */
		B1CA0C6529437872002B40FF /* Sources */ = {
			isa = PBXSourcesBuildPhase;
			buildActionMask = 2147483647;
			files = (
				B1CA0C6F29437872002B40FF /* MainView.swift in Sources */,
				B1CA0C8529438602002B40FF /* Result.swift in Sources */,
				B1CA0C7C29437ACD002B40FF /* Location.swift in Sources */,
				B1CA0C8329438104002B40FF /* EditView.swift in Sources */,
				B1CA0C6D29437872002B40FF /* BucketlistApp.swift in Sources */,
				B1CA0C8A294390F4002B40FF /* FileManager+Extension.swift in Sources */,
				B1CA0C8729438DCD002B40FF /* MainViewModel.swift in Sources */,
			);
			runOnlyForDeploymentPostprocessing = 0;
		};
/* End PBXSourcesBuildPhase section */

/* Begin XCBuildConfiguration section */
		B1CA0C7529437873002B40FF /* Debug */ = {
			isa = XCBuildConfiguration;
			buildSettings = {
				ALWAYS_SEARCH_USER_PATHS = NO;
				CLANG_ANALYZER_NONNULL = YES;
				CLANG_ANALYZER_NUMBER_OBJECT_CONVERSION = YES_AGGRESSIVE;
				CLANG_CXX_LANGUAGE_STANDARD = "gnu++20";
				CLANG_ENABLE_MODULES = YES;
				CLANG_ENABLE_OBJC_ARC = YES;
				CLANG_ENABLE_OBJC_WEAK = YES;
				CLANG_WARN_BLOCK_CAPTURE_AUTORELEASING = YES;
				CLANG_WARN_BOOL_CONVERSION = YES;
				CLANG_WARN_COMMA = YES;
				CLANG_WARN_CONSTANT_CONVERSION = YES;
				CLANG_WARN_DEPRECATED_OBJC_IMPLEMENTATIONS = YES;
				CLANG_WARN_DIRECT_OBJC_ISA_USAGE = YES_ERROR;
				CLANG_WARN_DOCUMENTATION_COMMENTS = YES;
				CLANG_WARN_EMPTY_BODY = YES;
				CLANG_WARN_ENUM_CONVERSION = YES;
				CLANG_WARN_INFINITE_RECURSION = YES;
				CLANG_WARN_INT_CONVERSION = YES;
				CLANG_WARN_NON_LITERAL_NULL_CONVERSION = YES;
				CLANG_WARN_OBJC_IMPLICIT_RETAIN_SELF = YES;
				CLANG_WARN_OBJC_LITERAL_CONVERSION = YES;
				CLANG_WARN_OBJC_ROOT_CLASS = YES_ERROR;
				CLANG_WARN_QUOTED_INCLUDE_IN_FRAMEWORK_HEADER = YES;
				CLANG_WARN_RANGE_LOOP_ANALYSIS = YES;
				CLANG_WARN_STRICT_PROTOTYPES = YES;
				CLANG_WARN_SUSPICIOUS_MOVE = YES;
				CLANG_WARN_UNGUARDED_AVAILABILITY = YES_AGGRESSIVE;
				CLANG_WARN_UNREACHABLE_CODE = YES;
				CLANG_WARN__DUPLICATE_METHOD_MATCH = YES;
				COPY_PHASE_STRIP = NO;
				DEBUG_INFORMATION_FORMAT = dwarf;
				ENABLE_STRICT_OBJC_MSGSEND = YES;
				ENABLE_TESTABILITY = YES;
				GCC_C_LANGUAGE_STANDARD = gnu11;
				GCC_DYNAMIC_NO_PIC = NO;
				GCC_NO_COMMON_BLOCKS = YES;
				GCC_OPTIMIZATION_LEVEL = 0;
				GCC_PREPROCESSOR_DEFINITIONS = (
					"DEBUG=1",
					"$(inherited)",
				);
				GCC_WARN_64_TO_32_BIT_CONVERSION = YES;
				GCC_WARN_ABOUT_RETURN_TYPE = YES_ERROR;
				GCC_WARN_UNDECLARED_SELECTOR = YES;
				GCC_WARN_UNINITIALIZED_AUTOS = YES_AGGRESSIVE;
				GCC_WARN_UNUSED_FUNCTION = YES;
				GCC_WARN_UNUSED_VARIABLE = YES;
				IPHONEOS_DEPLOYMENT_TARGET = 16.1;
				MTL_ENABLE_DEBUG_INFO = INCLUDE_SOURCE;
				MTL_FAST_MATH = YES;
				ONLY_ACTIVE_ARCH = YES;
				SDKROOT = iphoneos;
				SWIFT_ACTIVE_COMPILATION_CONDITIONS = DEBUG;
				SWIFT_OPTIMIZATION_LEVEL = "-Onone";
			};
			name = Debug;
		};
		B1CA0C7629437873002B40FF /* Release */ = {
			isa = XCBuildConfiguration;
			buildSettings = {
				ALWAYS_SEARCH_USER_PATHS = NO;
				CLANG_ANALYZER_NONNULL = YES;
				CLANG_ANALYZER_NUMBER_OBJECT_CONVERSION = YES_AGGRESSIVE;
				CLANG_CXX_LANGUAGE_STANDARD = "gnu++20";
				CLANG_ENABLE_MODULES = YES;
				CLANG_ENABLE_OBJC_ARC = YES;
				CLANG_ENABLE_OBJC_WEAK = YES;
				CLANG_WARN_BLOCK_CAPTURE_AUTORELEASING = YES;
				CLANG_WARN_BOOL_CONVERSION = YES;
				CLANG_WARN_COMMA = YES;
				CLANG_WARN_CONSTANT_CONVERSION = YES;
				CLANG_WARN_DEPRECATED_OBJC_IMPLEMENTATIONS = YES;
				CLANG_WARN_DIRECT_OBJC_ISA_USAGE = YES_ERROR;
				CLANG_WARN_DOCUMENTATION_COMMENTS = YES;
				CLANG_WARN_EMPTY_BODY = YES;
				CLANG_WARN_ENUM_CONVERSION = YES;
				CLANG_WARN_INFINITE_RECURSION = YES;
				CLANG_WARN_INT_CONVERSION = YES;
				CLANG_WARN_NON_LITERAL_NULL_CONVERSION = YES;
				CLANG_WARN_OBJC_IMPLICIT_RETAIN_SELF = YES;
				CLANG_WARN_OBJC_LITERAL_CONVERSION = YES;
				CLANG_WARN_OBJC_ROOT_CLASS = YES_ERROR;
				CLANG_WARN_QUOTED_INCLUDE_IN_FRAMEWORK_HEADER = YES;
				CLANG_WARN_RANGE_LOOP_ANALYSIS = YES;
				CLANG_WARN_STRICT_PROTOTYPES = YES;
				CLANG_WARN_SUSPICIOUS_MOVE = YES;
				CLANG_WARN_UNGUARDED_AVAILABILITY = YES_AGGRESSIVE;
				CLANG_WARN_UNREACHABLE_CODE = YES;
				CLANG_WARN__DUPLICATE_METHOD_MATCH = YES;
				COPY_PHASE_STRIP = NO;
				DEBUG_INFORMATION_FORMAT = "dwarf-with-dsym";
				ENABLE_NS_ASSERTIONS = NO;
				ENABLE_STRICT_OBJC_MSGSEND = YES;
				GCC_C_LANGUAGE_STANDARD = gnu11;
				GCC_NO_COMMON_BLOCKS = YES;
				GCC_WARN_64_TO_32_BIT_CONVERSION = YES;
				GCC_WARN_ABOUT_RETURN_TYPE = YES_ERROR;
				GCC_WARN_UNDECLARED_SELECTOR = YES;
				GCC_WARN_UNINITIALIZED_AUTOS = YES_AGGRESSIVE;
				GCC_WARN_UNUSED_FUNCTION = YES;
				GCC_WARN_UNUSED_VARIABLE = YES;
				IPHONEOS_DEPLOYMENT_TARGET = 16.1;
				MTL_ENABLE_DEBUG_INFO = NO;
				MTL_FAST_MATH = YES;
				SDKROOT = iphoneos;
				SWIFT_COMPILATION_MODE = wholemodule;
				SWIFT_OPTIMIZATION_LEVEL = "-O";
				VALIDATE_PRODUCT = YES;
			};
			name = Release;
		};
		B1CA0C7829437873002B40FF /* Debug */ = {
			isa = XCBuildConfiguration;
			buildSettings = {
				ASSETCATALOG_COMPILER_APPICON_NAME = AppIcon;
				ASSETCATALOG_COMPILER_GLOBAL_ACCENT_COLOR_NAME = AccentColor;
				CODE_SIGN_STYLE = Automatic;
				CURRENT_PROJECT_VERSION = 1;
				DEVELOPMENT_ASSET_PATHS = "\"Bucketlist/Preview Content\"";
				DEVELOPMENT_TEAM = QQ4V82589Y;
				ENABLE_PREVIEWS = YES;
				GENERATE_INFOPLIST_FILE = YES;
				INFOPLIST_KEY_NSFaceIDUsageDescription = "Please authenticate yourself to unlock your places";
				INFOPLIST_KEY_UIApplicationSceneManifest_Generation = YES;
				INFOPLIST_KEY_UIApplicationSupportsIndirectInputEvents = YES;
				INFOPLIST_KEY_UILaunchScreen_Generation = YES;
				INFOPLIST_KEY_UISupportedInterfaceOrientations_iPad = "UIInterfaceOrientationPortrait UIInterfaceOrientationPortraitUpsideDown UIInterfaceOrientationLandscapeLeft UIInterfaceOrientationLandscapeRight";
				INFOPLIST_KEY_UISupportedInterfaceOrientations_iPhone = "UIInterfaceOrientationPortrait UIInterfaceOrientationLandscapeLeft UIInterfaceOrientationLandscapeRight";
				LD_RUNPATH_SEARCH_PATHS = (
					"$(inherited)",
					"@executable_path/Frameworks",
				);
				MARKETING_VERSION = 1.0;
				PRODUCT_BUNDLE_IDENTIFIER = com.berkaysancar.Bucketlist;
				PRODUCT_NAME = "$(TARGET_NAME)";
				SWIFT_EMIT_LOC_STRINGS = YES;
				SWIFT_VERSION = 5.0;
				TARGETED_DEVICE_FAMILY = "1,2";
			};
			name = Debug;
		};
		B1CA0C7929437873002B40FF /* Release */ = {
			isa = XCBuildConfiguration;
			buildSettings = {
				ASSETCATALOG_COMPILER_APPICON_NAME = AppIcon;
				ASSETCATALOG_COMPILER_GLOBAL_ACCENT_COLOR_NAME = AccentColor;
				CODE_SIGN_STYLE = Automatic;
				CURRENT_PROJECT_VERSION = 1;
				DEVELOPMENT_ASSET_PATHS = "\"Bucketlist/Preview Content\"";
				DEVELOPMENT_TEAM = QQ4V82589Y;
				ENABLE_PREVIEWS = YES;
				GENERATE_INFOPLIST_FILE = YES;
				INFOPLIST_KEY_NSFaceIDUsageDescription = "Please authenticate yourself to unlock your places";
				INFOPLIST_KEY_UIApplicationSceneManifest_Generation = YES;
				INFOPLIST_KEY_UIApplicationSupportsIndirectInputEvents = YES;
				INFOPLIST_KEY_UILaunchScreen_Generation = YES;
				INFOPLIST_KEY_UISupportedInterfaceOrientations_iPad = "UIInterfaceOrientationPortrait UIInterfaceOrientationPortraitUpsideDown UIInterfaceOrientationLandscapeLeft UIInterfaceOrientationLandscapeRight";
				INFOPLIST_KEY_UISupportedInterfaceOrientations_iPhone = "UIInterfaceOrientationPortrait UIInterfaceOrientationLandscapeLeft UIInterfaceOrientationLandscapeRight";
				LD_RUNPATH_SEARCH_PATHS = (
					"$(inherited)",
					"@executable_path/Frameworks",
				);
				MARKETING_VERSION = 1.0;
				PRODUCT_BUNDLE_IDENTIFIER = com.berkaysancar.Bucketlist;
				PRODUCT_NAME = "$(TARGET_NAME)";
				SWIFT_EMIT_LOC_STRINGS = YES;
				SWIFT_VERSION = 5.0;
				TARGETED_DEVICE_FAMILY = "1,2";
			};
			name = Release;
		};
/* End XCBuildConfiguration section */

/* Begin XCConfigurationList section */
		B1CA0C6429437872002B40FF /* Build configuration list for PBXProject "Bucketlist" */ = {
			isa = XCConfigurationList;
			buildConfigurations = (
				B1CA0C7529437873002B40FF /* Debug */,
				B1CA0C7629437873002B40FF /* Release */,
			);
			defaultConfigurationIsVisible = 0;
			defaultConfigurationName = Release;
		};
		B1CA0C7729437873002B40FF /* Build configuration list for PBXNativeTarget "Bucketlist" */ = {
			isa = XCConfigurationList;
			buildConfigurations = (
				B1CA0C7829437873002B40FF /* Debug */,
				B1CA0C7929437873002B40FF /* Release */,
			);
			defaultConfigurationIsVisible = 0;
			defaultConfigurationName = Release;
		};
/* End XCConfigurationList section */
	};
	rootObject = B1CA0C6129437872002B40FF /* Project object */;
}
